// !$*UTF8*$!
{
	archiveVersion = 1;
	classes = {
	};
	objectVersion = 46;
	objects = {

/* Begin PBXBuildFile section */
		371F5F47BF3761A8E9E4A992 /* libPods.a in Frameworks */ = {isa = PBXBuildFile; fileRef = 5C81510FAC7D34C27E11CEFE /* libPods.a */; };
		848C03311C8061D200DEDF53 /* main.m in Sources */ = {isa = PBXBuildFile; fileRef = 848C03301C8061D200DEDF53 /* main.m */; };
		848C03341C8061D200DEDF53 /* AppDelegate.m in Sources */ = {isa = PBXBuildFile; fileRef = 848C03331C8061D200DEDF53 /* AppDelegate.m */; };
		848C033C1C8061D200DEDF53 /* Assets.xcassets in Resources */ = {isa = PBXBuildFile; fileRef = 848C033B1C8061D200DEDF53 /* Assets.xcassets */; };
		848C033F1C8061D200DEDF53 /* LaunchScreen.storyboard in Resources */ = {isa = PBXBuildFile; fileRef = 848C033D1C8061D200DEDF53 /* LaunchScreen.storyboard */; };
		8498A7EE1C831D38004B2943 /* HJNewsModel.m in Sources */ = {isa = PBXBuildFile; fileRef = 8498A7ED1C831D38004B2943 /* HJNewsModel.m */; settings = {ASSET_TAGS = (); }; };
		8498A7F11C8321DE004B2943 /* HJNewsController.m in Sources */ = {isa = PBXBuildFile; fileRef = 8498A7F01C8321DE004B2943 /* HJNewsController.m */; settings = {ASSET_TAGS = (); }; };
		8498A7F41C833421004B2943 /* HJNewsCell.m in Sources */ = {isa = PBXBuildFile; fileRef = 8498A7F31C833421004B2943 /* HJNewsCell.m */; settings = {ASSET_TAGS = (); }; };
		8498A7F71C833917004B2943 /* HJNewsImageModel.m in Sources */ = {isa = PBXBuildFile; fileRef = 8498A7F61C833917004B2943 /* HJNewsImageModel.m */; settings = {ASSET_TAGS = (); }; };
		8498A7F91C8352A9004B2943 /* topic_news.json in Resources */ = {isa = PBXBuildFile; fileRef = 8498A7F81C8352A9004B2943 /* topic_news.json */; settings = {ASSET_TAGS = (); }; };
		849FA98F1C816E6F002E693A /* NSObject+Log.m in Sources */ = {isa = PBXBuildFile; fileRef = 849FA98E1C816E6F002E693A /* NSObject+Log.m */; };
		849FA9991C816FD7002E693A /* HJHeadLineModel.m in Sources */ = {isa = PBXBuildFile; fileRef = 849FA9981C816FD7002E693A /* HJHeadLineModel.m */; };
		849FE7FD1C83E95F001A008A /* HJChannelModel.m in Sources */ = {isa = PBXBuildFile; fileRef = 849FE7FB1C83E95F001A008A /* HJChannelModel.m */; settings = {ASSET_TAGS = (); }; };
		849FE7FF1C83E9BB001A008A /* Home.storyboard in Resources */ = {isa = PBXBuildFile; fileRef = 849FE7FE1C83E9BB001A008A /* Home.storyboard */; settings = {ASSET_TAGS = (); }; };
		849FE8021C83EA10001A008A /* HJHomeController.m in Sources */ = {isa = PBXBuildFile; fileRef = 849FE8011C83EA10001A008A /* HJHomeController.m */; settings = {ASSET_TAGS = (); }; };
		849FE8051C83EB25001A008A /* HJChannelLabel.m in Sources */ = {isa = PBXBuildFile; fileRef = 849FE8041C83EB25001A008A /* HJChannelLabel.m */; settings = {ASSET_TAGS = (); }; };
		849FE80B1C840A41001A008A /* HJChannelNewsCell.m in Sources */ = {isa = PBXBuildFile; fileRef = 849FE80A1C840A41001A008A /* HJChannelNewsCell.m */; settings = {ASSET_TAGS = (); }; };
		84E879B11C8077CD00462F9A /* News.storyboard in Resources */ = {isa = PBXBuildFile; fileRef = 84E879B01C8077CD00462F9A /* News.storyboard */; };
		84E879B41C80787D00462F9A /* HJHeadLineController.m in Sources */ = {isa = PBXBuildFile; fileRef = 84E879B31C80787D00462F9A /* HJHeadLineController.m */; };
		84EFF7FA1C80A7AD003FBD1B /* HJHeadLineCell.m in Sources */ = {isa = PBXBuildFile; fileRef = 84EFF7F91C80A7AD003FBD1B /* HJHeadLineCell.m */; };
		84EFF7FE1C80AA22003FBD1B /* HJHTTPManager.m in Sources */ = {isa = PBXBuildFile; fileRef = 84EFF7FD1C80AA22003FBD1B /* HJHTTPManager.m */; };
		84EFF8011C80AE18003FBD1B /* HJApiManager.m in Sources */ = {isa = PBXBuildFile; fileRef = 84EFF8001C80AE18003FBD1B /* HJApiManager.m */; };
		84FB95491C84A4CA009D3A46 /* HJNewsDetailController.m in Sources */ = {isa = PBXBuildFile; fileRef = 84FB95481C84A4CA009D3A46 /* HJNewsDetailController.m */; settings = {ASSET_TAGS = (); }; };
		84FB954B1C84AFAD009D3A46 /* detail.html in Resources */ = {isa = PBXBuildFile; fileRef = 84FB954A1C84AFAD009D3A46 /* detail.html */; settings = {ASSET_TAGS = (); }; };
/* End PBXBuildFile section */

/* Begin PBXFileReference section */
		5C81510FAC7D34C27E11CEFE /* libPods.a */ = {isa = PBXFileReference; explicitFileType = archive.ar; includeInIndex = 0; path = libPods.a; sourceTree = BUILT_PRODUCTS_DIR; };
		848C032C1C8061D200DEDF53 /* WYNewsProject.app */ = {isa = PBXFileReference; explicitFileType = wrapper.application; includeInIndex = 0; path = WYNewsProject.app; sourceTree = BUILT_PRODUCTS_DIR; };
		848C03301C8061D200DEDF53 /* main.m */ = {isa = PBXFileReference; lastKnownFileType = sourcecode.c.objc; path = main.m; sourceTree = "<group>"; };
		848C03321C8061D200DEDF53 /* AppDelegate.h */ = {isa = PBXFileReference; lastKnownFileType = sourcecode.c.h; path = AppDelegate.h; sourceTree = "<group>"; };
		848C03331C8061D200DEDF53 /* AppDelegate.m */ = {isa = PBXFileReference; lastKnownFileType = sourcecode.c.objc; path = AppDelegate.m; sourceTree = "<group>"; };
		848C033B1C8061D200DEDF53 /* Assets.xcassets */ = {isa = PBXFileReference; lastKnownFileType = folder.assetcatalog; path = Assets.xcassets; sourceTree = "<group>"; };
		848C033E1C8061D200DEDF53 /* Base */ = {isa = PBXFileReference; lastKnownFileType = file.storyboard; name = Base; path = Base.lproj/LaunchScreen.storyboard; sourceTree = "<group>"; };
		848C03401C8061D200DEDF53 /* Info.plist */ = {isa = PBXFileReference; lastKnownFileType = text.plist.xml; path = Info.plist; sourceTree = "<group>"; };
		8498A7EC1C831D38004B2943 /* HJNewsModel.h */ = {isa = PBXFileReference; fileEncoding = 4; lastKnownFileType = sourcecode.c.h; path = HJNewsModel.h; sourceTree = "<group>"; };
		8498A7ED1C831D38004B2943 /* HJNewsModel.m */ = {isa = PBXFileReference; fileEncoding = 4; lastKnownFileType = sourcecode.c.objc; path = HJNewsModel.m; sourceTree = "<group>"; };
		8498A7EF1C8321DE004B2943 /* HJNewsController.h */ = {isa = PBXFileReference; fileEncoding = 4; lastKnownFileType = sourcecode.c.h; path = HJNewsController.h; sourceTree = "<group>"; };
		8498A7F01C8321DE004B2943 /* HJNewsController.m */ = {isa = PBXFileReference; fileEncoding = 4; lastKnownFileType = sourcecode.c.objc; path = HJNewsController.m; sourceTree = "<group>"; };
		8498A7F21C833421004B2943 /* HJNewsCell.h */ = {isa = PBXFileReference; fileEncoding = 4; lastKnownFileType = sourcecode.c.h; path = HJNewsCell.h; sourceTree = "<group>"; };
		8498A7F31C833421004B2943 /* HJNewsCell.m */ = {isa = PBXFileReference; fileEncoding = 4; lastKnownFileType = sourcecode.c.objc; path = HJNewsCell.m; sourceTree = "<group>"; };
		8498A7F51C833917004B2943 /* HJNewsImageModel.h */ = {isa = PBXFileReference; fileEncoding = 4; lastKnownFileType = sourcecode.c.h; path = HJNewsImageModel.h; sourceTree = "<group>"; };
		8498A7F61C833917004B2943 /* HJNewsImageModel.m */ = {isa = PBXFileReference; fileEncoding = 4; lastKnownFileType = sourcecode.c.objc; path = HJNewsImageModel.m; sourceTree = "<group>"; };
		8498A7F81C8352A9004B2943 /* topic_news.json */ = {isa = PBXFileReference; fileEncoding = 4; lastKnownFileType = text.json; path = topic_news.json; sourceTree = "<group>"; };
		849FA98D1C816E6F002E693A /* NSObject+Log.h */ = {isa = PBXFileReference; fileEncoding = 4; lastKnownFileType = sourcecode.c.h; path = "NSObject+Log.h"; sourceTree = "<group>"; };
		849FA98E1C816E6F002E693A /* NSObject+Log.m */ = {isa = PBXFileReference; fileEncoding = 4; lastKnownFileType = sourcecode.c.objc; path = "NSObject+Log.m"; sourceTree = "<group>"; };
		849FA9971C816FD7002E693A /* HJHeadLineModel.h */ = {isa = PBXFileReference; fileEncoding = 4; lastKnownFileType = sourcecode.c.h; path = HJHeadLineModel.h; sourceTree = "<group>"; };
		849FA9981C816FD7002E693A /* HJHeadLineModel.m */ = {isa = PBXFileReference; fileEncoding = 4; lastKnownFileType = sourcecode.c.objc; path = HJHeadLineModel.m; sourceTree = "<group>"; };
		849FE7FA1C83E95F001A008A /* HJChannelModel.h */ = {isa = PBXFileReference; fileEncoding = 4; lastKnownFileType = sourcecode.c.h; path = HJChannelModel.h; sourceTree = "<group>"; };
		849FE7FB1C83E95F001A008A /* HJChannelModel.m */ = {isa = PBXFileReference; fileEncoding = 4; lastKnownFileType = sourcecode.c.objc; path = HJChannelModel.m; sourceTree = "<group>"; };
		849FE7FE1C83E9BB001A008A /* Home.storyboard */ = {isa = PBXFileReference; fileEncoding = 4; lastKnownFileType = file.storyboard; path = Home.storyboard; sourceTree = "<group>"; };
		849FE8001C83EA10001A008A /* HJHomeController.h */ = {isa = PBXFileReference; fileEncoding = 4; lastKnownFileType = sourcecode.c.h; path = HJHomeController.h; sourceTree = "<group>"; };
		849FE8011C83EA10001A008A /* HJHomeController.m */ = {isa = PBXFileReference; fileEncoding = 4; lastKnownFileType = sourcecode.c.objc; path = HJHomeController.m; sourceTree = "<group>"; };
		849FE8031C83EB25001A008A /* HJChannelLabel.h */ = {isa = PBXFileReference; fileEncoding = 4; lastKnownFileType = sourcecode.c.h; path = HJChannelLabel.h; sourceTree = "<group>"; };
		849FE8041C83EB25001A008A /* HJChannelLabel.m */ = {isa = PBXFileReference; fileEncoding = 4; lastKnownFileType = sourcecode.c.objc; path = HJChannelLabel.m; sourceTree = "<group>"; };
		849FE8091C840A41001A008A /* HJChannelNewsCell.h */ = {isa = PBXFileReference; fileEncoding = 4; lastKnownFileType = sourcecode.c.h; path = HJChannelNewsCell.h; sourceTree = "<group>"; };
		849FE80A1C840A41001A008A /* HJChannelNewsCell.m */ = {isa = PBXFileReference; fileEncoding = 4; lastKnownFileType = sourcecode.c.objc; path = HJChannelNewsCell.m; sourceTree = "<group>"; };
		84E879B01C8077CD00462F9A /* News.storyboard */ = {isa = PBXFileReference; fileEncoding = 4; lastKnownFileType = file.storyboard; path = News.storyboard; sourceTree = "<group>"; };
		84E879B21C80787D00462F9A /* HJHeadLineController.h */ = {isa = PBXFileReference; fileEncoding = 4; lastKnownFileType = sourcecode.c.h; path = HJHeadLineController.h; sourceTree = "<group>"; };
		84E879B31C80787D00462F9A /* HJHeadLineController.m */ = {isa = PBXFileReference; fileEncoding = 4; lastKnownFileType = sourcecode.c.objc; path = HJHeadLineController.m; sourceTree = "<group>"; };
		84EFF7F81C80A7AD003FBD1B /* HJHeadLineCell.h */ = {isa = PBXFileReference; fileEncoding = 4; lastKnownFileType = sourcecode.c.h; path = HJHeadLineCell.h; sourceTree = "<group>"; };
		84EFF7F91C80A7AD003FBD1B /* HJHeadLineCell.m */ = {isa = PBXFileReference; fileEncoding = 4; lastKnownFileType = sourcecode.c.objc; path = HJHeadLineCell.m; sourceTree = "<group>"; };
		84EFF7FC1C80AA22003FBD1B /* HJHTTPManager.h */ = {isa = PBXFileReference; fileEncoding = 4; lastKnownFileType = sourcecode.c.h; path = HJHTTPManager.h; sourceTree = "<group>"; };
		84EFF7FD1C80AA22003FBD1B /* HJHTTPManager.m */ = {isa = PBXFileReference; fileEncoding = 4; lastKnownFileType = sourcecode.c.objc; path = HJHTTPManager.m; sourceTree = "<group>"; };
		84EFF7FF1C80AE18003FBD1B /* HJApiManager.h */ = {isa = PBXFileReference; fileEncoding = 4; lastKnownFileType = sourcecode.c.h; path = HJApiManager.h; sourceTree = "<group>"; };
		84EFF8001C80AE18003FBD1B /* HJApiManager.m */ = {isa = PBXFileReference; fileEncoding = 4; lastKnownFileType = sourcecode.c.objc; path = HJApiManager.m; sourceTree = "<group>"; };
		84FB95471C84A4CA009D3A46 /* HJNewsDetailController.h */ = {isa = PBXFileReference; fileEncoding = 4; lastKnownFileType = sourcecode.c.h; path = HJNewsDetailController.h; sourceTree = "<group>"; };
		84FB95481C84A4CA009D3A46 /* HJNewsDetailController.m */ = {isa = PBXFileReference; fileEncoding = 4; lastKnownFileType = sourcecode.c.objc; path = HJNewsDetailController.m; sourceTree = "<group>"; };
		84FB954A1C84AFAD009D3A46 /* detail.html */ = {isa = PBXFileReference; fileEncoding = 4; lastKnownFileType = text.html; path = detail.html; sourceTree = "<group>"; };
		D9E08FC5B7F1C883441CC8CD /* Pods.debug.xcconfig */ = {isa = PBXFileReference; includeInIndex = 1; lastKnownFileType = text.xcconfig; name = Pods.debug.xcconfig; path = "Pods/Target Support Files/Pods/Pods.debug.xcconfig"; sourceTree = "<group>"; };
		F43B0203625464502AAFA720 /* Pods.release.xcconfig */ = {isa = PBXFileReference; includeInIndex = 1; lastKnownFileType = text.xcconfig; name = Pods.release.xcconfig; path = "Pods/Target Support Files/Pods/Pods.release.xcconfig"; sourceTree = "<group>"; };
/* End PBXFileReference section */

/* Begin PBXFrameworksBuildPhase section */
		848C03291C8061D200DEDF53 /* Frameworks */ = {
			isa = PBXFrameworksBuildPhase;
			buildActionMask = 2147483647;
			files = (
				371F5F47BF3761A8E9E4A992 /* libPods.a in Frameworks */,
			);
			runOnlyForDeploymentPostprocessing = 0;
		};
/* End PBXFrameworksBuildPhase section */

/* Begin PBXGroup section */
		01D6063498E6EB2639AB05F0 /* Frameworks */ = {
			isa = PBXGroup;
			children = (
				5C81510FAC7D34C27E11CEFE /* libPods.a */,
			);
			name = Frameworks;
			sourceTree = "<group>";
		};
		13B92B0E83F0E9E21F7C478F /* Pods */ = {
			isa = PBXGroup;
			children = (
				D9E08FC5B7F1C883441CC8CD /* Pods.debug.xcconfig */,
				F43B0203625464502AAFA720 /* Pods.release.xcconfig */,
			);
			name = Pods;
			sourceTree = "<group>";
		};
		848C03231C8061D200DEDF53 = {
			isa = PBXGroup;
			children = (
				848C032E1C8061D200DEDF53 /* WYNewsProject */,
				848C032D1C8061D200DEDF53 /* Products */,
				13B92B0E83F0E9E21F7C478F /* Pods */,
				01D6063498E6EB2639AB05F0 /* Frameworks */,
			);
			sourceTree = "<group>";
		};
		848C032D1C8061D200DEDF53 /* Products */ = {
			isa = PBXGroup;
			children = (
				848C032C1C8061D200DEDF53 /* WYNewsProject.app */,
			);
			name = Products;
			sourceTree = "<group>";
		};
		848C032E1C8061D200DEDF53 /* WYNewsProject */ = {
			isa = PBXGroup;
			children = (
				84E879AC1C80774B00462F9A /* WYNews */,
				848C03321C8061D200DEDF53 /* AppDelegate.h */,
				848C03331C8061D200DEDF53 /* AppDelegate.m */,
				848C033B1C8061D200DEDF53 /* Assets.xcassets */,
				848C033D1C8061D200DEDF53 /* LaunchScreen.storyboard */,
				848C032F1C8061D200DEDF53 /* Supporting Files */,
			);
			path = WYNewsProject;
			sourceTree = "<group>";
		};
		848C032F1C8061D200DEDF53 /* Supporting Files */ = {
			isa = PBXGroup;
			children = (
				84FB954A1C84AFAD009D3A46 /* detail.html */,
				8498A7F81C8352A9004B2943 /* topic_news.json */,
				848C03401C8061D200DEDF53 /* Info.plist */,
				848C03301C8061D200DEDF53 /* main.m */,
			);
			name = "Supporting Files";
			sourceTree = "<group>";
		};
		849FA98C1C816E6F002E693A /* Log */ = {
			isa = PBXGroup;
			children = (
				849FA98D1C816E6F002E693A /* NSObject+Log.h */,
				849FA98E1C816E6F002E693A /* NSObject+Log.m */,
			);
			path = Log;
			sourceTree = "<group>";
		};
		849FA9961C816FD7002E693A /* Model */ = {
			isa = PBXGroup;
			children = (
				849FA9971C816FD7002E693A /* HJHeadLineModel.h */,
				849FA9981C816FD7002E693A /* HJHeadLineModel.m */,
				8498A7EC1C831D38004B2943 /* HJNewsModel.h */,
				8498A7ED1C831D38004B2943 /* HJNewsModel.m */,
				8498A7F51C833917004B2943 /* HJNewsImageModel.h */,
				8498A7F61C833917004B2943 /* HJNewsImageModel.m */,
			);
			name = Model;
			path = Tool/Model;
			sourceTree = "<group>";
		};
		849FE7F71C83E95F001A008A /* Home */ = {
			isa = PBXGroup;
			children = (
				849FE7F81C83E95F001A008A /* Controller */,
				849FE7F91C83E95F001A008A /* Model */,
				849FE7FC1C83E95F001A008A /* View */,
			);
			path = Home;
			sourceTree = "<group>";
		};
		849FE7F81C83E95F001A008A /* Controller */ = {
			isa = PBXGroup;
			children = (
				849FE8001C83EA10001A008A /* HJHomeController.h */,
				849FE8011C83EA10001A008A /* HJHomeController.m */,
			);
			path = Controller;
			sourceTree = "<group>";
		};
		849FE7F91C83E95F001A008A /* Model */ = {
			isa = PBXGroup;
			children = (
				849FE7FA1C83E95F001A008A /* HJChannelModel.h */,
				849FE7FB1C83E95F001A008A /* HJChannelModel.m */,
			);
			path = Model;
			sourceTree = "<group>";
		};
		849FE7FC1C83E95F001A008A /* View */ = {
			isa = PBXGroup;
			children = (
				849FE7FE1C83E9BB001A008A /* Home.storyboard */,
				849FE8031C83EB25001A008A /* HJChannelLabel.h */,
				849FE8041C83EB25001A008A /* HJChannelLabel.m */,
				849FE8091C840A41001A008A /* HJChannelNewsCell.h */,
				849FE80A1C840A41001A008A /* HJChannelNewsCell.m */,
			);
			path = View;
			sourceTree = "<group>";
		};
		84E879AC1C80774B00462F9A /* WYNews */ = {
			isa = PBXGroup;
			children = (
				849FE7F71C83E95F001A008A /* Home */,
				84EFF7FB1C80A9DE003FBD1B /* Tool */,
				84E879AD1C80774B00462F9A /* Controller */,
				849FA9961C816FD7002E693A /* Model */,
				84E879AF1C80774B00462F9A /* View */,
			);
			path = WYNews;
			sourceTree = "<group>";
		};
		84E879AD1C80774B00462F9A /* Controller */ = {
			isa = PBXGroup;
			children = (
				84E879B21C80787D00462F9A /* HJHeadLineController.h */,
				84E879B31C80787D00462F9A /* HJHeadLineController.m */,
				8498A7EF1C8321DE004B2943 /* HJNewsController.h */,
				8498A7F01C8321DE004B2943 /* HJNewsController.m */,
				84FB95471C84A4CA009D3A46 /* HJNewsDetailController.h */,
				84FB95481C84A4CA009D3A46 /* HJNewsDetailController.m */,
			);
			path = Controller;
			sourceTree = "<group>";
		};
		84E879AF1C80774B00462F9A /* View */ = {
			isa = PBXGroup;
			children = (
				84E879B01C8077CD00462F9A /* News.storyboard */,
				84EFF7F81C80A7AD003FBD1B /* HJHeadLineCell.h */,
				84EFF7F91C80A7AD003FBD1B /* HJHeadLineCell.m */,
				8498A7F21C833421004B2943 /* HJNewsCell.h */,
				8498A7F31C833421004B2943 /* HJNewsCell.m */,
			);
			path = View;
			sourceTree = "<group>";
		};
		84EFF7FB1C80A9DE003FBD1B /* Tool */ = {
			isa = PBXGroup;
			children = (
				849FA98C1C816E6F002E693A /* Log */,
				84EFF7FC1C80AA22003FBD1B /* HJHTTPManager.h */,
				84EFF7FD1C80AA22003FBD1B /* HJHTTPManager.m */,
				84EFF7FF1C80AE18003FBD1B /* HJApiManager.h */,
				84EFF8001C80AE18003FBD1B /* HJApiManager.m */,
			);
			path = Tool;
			sourceTree = "<group>";
		};
/* End PBXGroup section */

/* Begin PBXNativeTarget section */
		848C032B1C8061D200DEDF53 /* WYNewsProject */ = {
			isa = PBXNativeTarget;
			buildConfigurationList = 848C03431C8061D200DEDF53 /* Build configuration list for PBXNativeTarget "WYNewsProject" */;
			buildPhases = (
				FD3D01AC709B046CA8638DF2 /* Check Pods Manifest.lock */,
				848C03281C8061D200DEDF53 /* Sources */,
				848C03291C8061D200DEDF53 /* Frameworks */,
				848C032A1C8061D200DEDF53 /* Resources */,
				EBB0EE1F90636570F8ADFFEF /* Embed Pods Frameworks */,
				16382C56BA7F38442EE4DB6C /* Copy Pods Resources */,
			);
			buildRules = (
			);
			dependencies = (
			);
			name = WYNewsProject;
			productName = WYNewsProject;
			productReference = 848C032C1C8061D200DEDF53 /* WYNewsProject.app */;
			productType = "com.apple.product-type.application";
		};
/* End PBXNativeTarget section */

/* Begin PBXProject section */
		848C03241C8061D200DEDF53 /* Project object */ = {
			isa = PBXProject;
			attributes = {
				CLASSPREFIX = HJ;
				LastUpgradeCheck = 0700;
				ORGANIZATIONNAME = admin;
				TargetAttributes = {
					848C032B1C8061D200DEDF53 = {
						CreatedOnToolsVersion = 7.0.1;
						DevelopmentTeam = LT364TSH29;
					};
				};
			};
			buildConfigurationList = 848C03271C8061D200DEDF53 /* Build configuration list for PBXProject "WYNewsProject" */;
			compatibilityVersion = "Xcode 3.2";
			developmentRegion = English;
			hasScannedForEncodings = 0;
			knownRegions = (
				en,
				Base,
			);
			mainGroup = 848C03231C8061D200DEDF53;
			productRefGroup = 848C032D1C8061D200DEDF53 /* Products */;
			projectDirPath = "";
			projectRoot = "";
			targets = (
				848C032B1C8061D200DEDF53 /* WYNewsProject */,
			);
		};
/* End PBXProject section */

/* Begin PBXResourcesBuildPhase section */
		848C032A1C8061D200DEDF53 /* Resources */ = {
			isa = PBXResourcesBuildPhase;
			buildActionMask = 2147483647;
			files = (
				848C033F1C8061D200DEDF53 /* LaunchScreen.storyboard in Resources */,
				849FE7FF1C83E9BB001A008A /* Home.storyboard in Resources */,
				84E879B11C8077CD00462F9A /* News.storyboard in Resources */,
				84FB954B1C84AFAD009D3A46 /* detail.html in Resources */,
				8498A7F91C8352A9004B2943 /* topic_news.json in Resources */,
				848C033C1C8061D200DEDF53 /* Assets.xcassets in Resources */,
			);
			runOnlyForDeploymentPostprocessing = 0;
		};
/* End PBXResourcesBuildPhase section */

/* Begin PBXShellScriptBuildPhase section */
		16382C56BA7F38442EE4DB6C /* Copy Pods Resources */ = {
			isa = PBXShellScriptBuildPhase;
			buildActionMask = 2147483647;
			files = (
			);
			inputPaths = (
			);
			name = "Copy Pods Resources";
			outputPaths = (
			);
			runOnlyForDeploymentPostprocessing = 0;
			shellPath = /bin/sh;
			shellScript = "\"${SRCROOT}/Pods/Target Support Files/Pods/Pods-resources.sh\"\n";
			showEnvVarsInLog = 0;
		};
		EBB0EE1F90636570F8ADFFEF /* Embed Pods Frameworks */ = {
			isa = PBXShellScriptBuildPhase;
			buildActionMask = 2147483647;
			files = (
			);
			inputPaths = (
			);
			name = "Embed Pods Frameworks";
			outputPaths = (
			);
			runOnlyForDeploymentPostprocessing = 0;
			shellPath = /bin/sh;
			shellScript = "\"${SRCROOT}/Pods/Target Support Files/Pods/Pods-frameworks.sh\"\n";
			showEnvVarsInLog = 0;
		};
		FD3D01AC709B046CA8638DF2 /* Check Pods Manifest.lock */ = {
			isa = PBXShellScriptBuildPhase;
			buildActionMask = 2147483647;
			files = (
			);
			inputPaths = (
			);
			name = "Check Pods Manifest.lock";
			outputPaths = (
			);
			runOnlyForDeploymentPostprocessing = 0;
			shellPath = /bin/sh;
			shellScript = "diff \"${PODS_ROOT}/../Podfile.lock\" \"${PODS_ROOT}/Manifest.lock\" > /dev/null\nif [[ $? != 0 ]] ; then\n    cat << EOM\nerror: The sandbox is not in sync with the Podfile.lock. Run 'pod install' or update your CocoaPods installation.\nEOM\n    exit 1\nfi\n";
			showEnvVarsInLog = 0;
		};
/* End PBXShellScriptBuildPhase section */

/* Begin PBXSourcesBuildPhase section */
		848C03281C8061D200DEDF53 /* Sources */ = {
			isa = PBXSourcesBuildPhase;
			buildActionMask = 2147483647;
			files = (
				84E879B41C80787D00462F9A /* HJHeadLineController.m in Sources */,
				849FA9991C816FD7002E693A /* HJHeadLineModel.m in Sources */,
				848C03341C8061D200DEDF53 /* AppDelegate.m in Sources */,
				849FE8051C83EB25001A008A /* HJChannelLabel.m in Sources */,
				849FA98F1C816E6F002E693A /* NSObject+Log.m in Sources */,
				8498A7F71C833917004B2943 /* HJNewsImageModel.m in Sources */,
				849FE80B1C840A41001A008A /* HJChannelNewsCell.m in Sources */,
				8498A7F41C833421004B2943 /* HJNewsCell.m in Sources */,
				849FE8021C83EA10001A008A /* HJHomeController.m in Sources */,
				84EFF8011C80AE18003FBD1B /* HJApiManager.m in Sources */,
				849FE7FD1C83E95F001A008A /* HJChannelModel.m in Sources */,
				8498A7EE1C831D38004B2943 /* HJNewsModel.m in Sources */,
				8498A7F11C8321DE004B2943 /* HJNewsController.m in Sources */,
				848C03311C8061D200DEDF53 /* main.m in Sources */,
				84EFF7FE1C80AA22003FBD1B /* HJHTTPManager.m in Sources */,
				84EFF7FA1C80A7AD003FBD1B /* HJHeadLineCell.m in Sources */,
				84FB95491C84A4CA009D3A46 /* HJNewsDetailController.m in Sources */,
			);
			runOnlyForDeploymentPostprocessing = 0;
		};
/* End PBXSourcesBuildPhase section */

/* Begin PBXVariantGroup section */
		848C033D1C8061D200DEDF53 /* LaunchScreen.storyboard */ = {
			isa = PBXVariantGroup;
			children = (
				848C033E1C8061D200DEDF53 /* Base */,
			);
			name = LaunchScreen.storyboard;
			sourceTree = "<group>";
		};
/* End PBXVariantGroup section */

/* Begin XCBuildConfiguration section */
		848C03411C8061D200DEDF53 /* Debug */ = {
			isa = XCBuildConfiguration;
			buildSettings = {
				ALWAYS_SEARCH_USER_PATHS = NO;
				CLANG_CXX_LANGUAGE_STANDARD = "gnu++0x";
				CLANG_CXX_LIBRARY = "libc++";
				CLANG_ENABLE_MODULES = YES;
				CLANG_ENABLE_OBJC_ARC = YES;
				CLANG_WARN_BOOL_CONVERSION = YES;
				CLANG_WARN_CONSTANT_CONVERSION = YES;
				CLANG_WARN_DIRECT_OBJC_ISA_USAGE = YES_ERROR;
				CLANG_WARN_EMPTY_BODY = YES;
				CLANG_WARN_ENUM_CONVERSION = YES;
				CLANG_WARN_INT_CONVERSION = YES;
				CLANG_WARN_OBJC_ROOT_CLASS = YES_ERROR;
				CLANG_WARN_UNREACHABLE_CODE = YES;
				CLANG_WARN__DUPLICATE_METHOD_MATCH = YES;
				"CODE_SIGN_IDENTITY[sdk=iphoneos*]" = "iPhone Developer";
				COPY_PHASE_STRIP = NO;
				DEBUG_INFORMATION_FORMAT = dwarf;
				ENABLE_STRICT_OBJC_MSGSEND = YES;
				ENABLE_TESTABILITY = YES;
				GCC_C_LANGUAGE_STANDARD = gnu99;
				GCC_DYNAMIC_NO_PIC = NO;
				GCC_NO_COMMON_BLOCKS = YES;
				GCC_OPTIMIZATION_LEVEL = 0;
				GCC_PREPROCESSOR_DEFINITIONS = (
					"DEBUG=1",
					"$(inherited)",
				);
				GCC_WARN_64_TO_32_BIT_CONVERSION = YES;
				GCC_WARN_ABOUT_RETURN_TYPE = YES_ERROR;
				GCC_WARN_UNDECLARED_SELECTOR = YES;
				GCC_WARN_UNINITIALIZED_AUTOS = YES_AGGRESSIVE;
				GCC_WARN_UNUSED_FUNCTION = YES;
				GCC_WARN_UNUSED_VARIABLE = YES;
				IPHONEOS_DEPLOYMENT_TARGET = 9.0;
				MTL_ENABLE_DEBUG_INFO = YES;
				ONLY_ACTIVE_ARCH = YES;
				SDKROOT = iphoneos;
			};
			name = Debug;
		};
		848C03421C8061D200DEDF53 /* Release */ = {
			isa = XCBuildConfiguration;
			buildSettings = {
				ALWAYS_SEARCH_USER_PATHS = NO;
				CLANG_CXX_LANGUAGE_STANDARD = "gnu++0x";
				CLANG_CXX_LIBRARY = "libc++";
				CLANG_ENABLE_MODULES = YES;
				CLANG_ENABLE_OBJC_ARC = YES;
				CLANG_WARN_BOOL_CONVERSION = YES;
				CLANG_WARN_CONSTANT_CONVERSION = YES;
				CLANG_WARN_DIRECT_OBJC_ISA_USAGE = YES_ERROR;
				CLANG_WARN_EMPTY_BODY = YES;
				CLANG_WARN_ENUM_CONVERSION = YES;
				CLANG_WARN_INT_CONVERSION = YES;
				CLANG_WARN_OBJC_ROOT_CLASS = YES_ERROR;
				CLANG_WARN_UNREACHABLE_CODE = YES;
				CLANG_WARN__DUPLICATE_METHOD_MATCH = YES;
				"CODE_SIGN_IDENTITY[sdk=iphoneos*]" = "iPhone Developer";
				COPY_PHASE_STRIP = NO;
				DEBUG_INFORMATION_FORMAT = "dwarf-with-dsym";
				ENABLE_NS_ASSERTIONS = NO;
				ENABLE_STRICT_OBJC_MSGSEND = YES;
				GCC_C_LANGUAGE_STANDARD = gnu99;
				GCC_NO_COMMON_BLOCKS = YES;
				GCC_WARN_64_TO_32_BIT_CONVERSION = YES;
				GCC_WARN_ABOUT_RETURN_TYPE = YES_ERROR;
				GCC_WARN_UNDECLARED_SELECTOR = YES;
				GCC_WARN_UNINITIALIZED_AUTOS = YES_AGGRESSIVE;
				GCC_WARN_UNUSED_FUNCTION = YES;
				GCC_WARN_UNUSED_VARIABLE = YES;
				IPHONEOS_DEPLOYMENT_TARGET = 9.0;
				MTL_ENABLE_DEBUG_INFO = NO;
				SDKROOT = iphoneos;
				VALIDATE_PRODUCT = YES;
			};
			name = Release;
		};
		848C03441C8061D200DEDF53 /* Debug */ = {
			isa = XCBuildConfiguration;
			baseConfigurationReference = D9E08FC5B7F1C883441CC8CD /* Pods.debug.xcconfig */;
			buildSettings = {
				ASSETCATALOG_COMPILER_APPICON_NAME = AppIcon;
				INFOPLIST_FILE = WYNewsProject/Info.plist;
				IPHONEOS_DEPLOYMENT_TARGET = 9.0;
				LD_RUNPATH_SEARCH_PATHS = "$(inherited) @executable_path/Frameworks";
				PRODUCT_BUNDLE_IDENTIFIER = cn.hejia.WYNewsProject;
				PRODUCT_NAME = "$(TARGET_NAME)";
			};
			name = Debug;
		};
		848C03451C8061D200DEDF53 /* Release */ = {
			isa = XCBuildConfiguration;
			baseConfigurationReference = F43B0203625464502AAFA720 /* Pods.release.xcconfig */;
			buildSettings = {
				ASSETCATALOG_COMPILER_APPICON_NAME = AppIcon;
				INFOPLIST_FILE = WYNewsProject/Info.plist;
				IPHONEOS_DEPLOYMENT_TARGET = 9.0;
				LD_RUNPATH_SEARCH_PATHS = "$(inherited) @executable_path/Frameworks";
				PRODUCT_BUNDLE_IDENTIFIER = cn.hejia.WYNewsProject;
				PRODUCT_NAME = "$(TARGET_NAME)";
			};
			name = Release;
		};
/* End XCBuildConfiguration section */

/* Begin XCConfigurationList section */
		848C03271C8061D200DEDF53 /* Build configuration list for PBXProject "WYNewsProject" */ = {
			isa = XCConfigurationList;
			buildConfigurations = (
				848C03411C8061D200DEDF53 /* Debug */,
				848C03421C8061D200DEDF53 /* Release */,
			);
			defaultConfigurationIsVisible = 0;
			defaultConfigurationName = Release;
		};
		848C03431C8061D200DEDF53 /* Build configuration list for PBXNativeTarget "WYNewsProject" */ = {
			isa = XCConfigurationList;
			buildConfigurations = (
				848C03441C8061D200DEDF53 /* Debug */,
				848C03451C8061D200DEDF53 /* Release */,
			);
			defaultConfigurationIsVisible = 0;
			defaultConfigurationName = Release;
		};
/* End XCConfigurationList section */
	};
	rootObject = 848C03241C8061D200DEDF53 /* Project object */;
}
